schema: '2.0'
stages:
  get_data:
    cmd: python src/download_data.py
    deps:
    - path: src/download_data.py
      hash: md5
      md5: 87734e460d010569b269c0ab956cdf7f
      size: 475
    outs:
    - path: data/raw/iris.csv
      hash: md5
      md5: 4d301abed5efe50eccda350cde38e0eb
      size: 2777
  process_data:
    cmd: python src/process_data.py
    deps:
    - path: data/raw/iris.csv
      hash: md5
      md5: 4d301abed5efe50eccda350cde38e0eb
      size: 2777
    - path: src/process_data.py
      hash: md5
      md5: ad8800b70c53aba952d0c86a64fdae2d
      size: 536
    outs:
    - path: data/processed/test.csv
      hash: md5
      md5: 32ecd1b41ec3a322ebd7d1cea0ab14c9
      size: 617
    - path: data/processed/train.csv
      hash: md5
      md5: 20a771675f974006d30c2926ff658bea
      size: 2237
  train_model:
    cmd: python src/train_model.py
    deps:
    - path: data/processed/train.csv
      hash: md5
      md5: 20a771675f974006d30c2926ff658bea
      size: 2237
    - path: src/train_model.py
      hash: md5
      md5: 9eee0d5ad77aad8c0904a7262c5e8b11
      size: 606
    outs:
    - path: models/model.pkl
      hash: md5
      md5: cbb5e7b9588c0d157e3a343aa56a3862
      size: 1026
